
Microsoft Visual Studio Solution File, Format Version 12.00
# Visual Studio 2012
Project("{FAE04EC0-301F-11D3-BF4B-00C04F79EFBC}") = "Kumulos.iOS.Binding", "Kumulos.iOS.Binding\Kumulos.iOS.Binding.csproj", "{2C14FE31-E8F5-457F-9DD6-C8C58D74B8F8}"
EndProject
Project("{FAE04EC0-301F-11D3-BF4B-00C04F79EFBC}") = "Com.Kumulos.Abstractions", "Com.Kumulos.Abstractions\Com.Kumulos.Abstractions.csproj", "{4284B520-2352-48F8-A87D-BC071FD8085B}"
EndProject
Project("{FAE04EC0-301F-11D3-BF4B-00C04F79EFBC}") = "Com.Kumulos", "Com.Kumulos\Com.Kumulos.csproj", "{865EAD94-07CE-4F4C-8054-12F618A9129E}"
EndProject
Project("{FAE04EC0-301F-11D3-BF4B-00C04F79EFBC}") = "Kumulos.Android.Binding", "Kumulos.Android.Binding\Kumulos.Android.Binding.csproj", "{DCCBC2E3-138B-4C68-8C45-0E29318A11A7}"
EndProject
Project("{FAE04EC0-301F-11D3-BF4B-00C04F79EFBC}") = "Com.Kumulos.Android", "Com.Kumulos.Android\Com.Kumulos.Android.csproj", "{454DF95C-2D14-4EA3-82AE-7599494C809F}"
EndProject
Project("{FAE04EC0-301F-11D3-BF4B-00C04F79EFBC}") = "Com.Kumulos.iOS.Extension", "Com.Kumulos.iOS.Extension\Com.Kumulos.iOS.Extension.csproj", "{208DEE5F-C2F8-4D4B-BC97-6E5F200EBE80}"
EndProject
Project("{FAE04EC0-301F-11D3-BF4B-00C04F79EFBC}") = "Com.Kumulos.iOS", "Com.Kumulos.iOS\Com.Kumulos.iOS.csproj", "{D3E420D6-E9B1-4CC4-817A-339834AB8D9E}"
EndProject
Project("{FAE04EC0-301F-11D3-BF4B-00C04F79EFBC}") = "Kumulos.iOSExtension.Binding", "Kumulos.iOSExtension.Binding\Kumulos.iOSExtension.Binding.csproj", "{4DEFD17F-4887-48D2-B4D2-0E9CC83F6F92}"
EndProject
Global
	GlobalSection(SolutionConfigurationPlatforms) = preSolution
		Debug|Any CPU = Debug|Any CPU
		Release|Any CPU = Release|Any CPU
		Debug|iPhoneSimulator = Debug|iPhoneSimulator
		Release|iPhone = Release|iPhone
		Release|iPhoneSimulator = Release|iPhoneSimulator
		Debug|iPhone = Debug|iPhone
		Ad-Hoc|iPhone = Ad-Hoc|iPhone
		AppStore|iPhone = AppStore|iPhone
	EndGlobalSection
	GlobalSection(ProjectConfigurationPlatforms) = postSolution
		{2C14FE31-E8F5-457F-9DD6-C8C58D74B8F8}.Debug|Any CPU.ActiveCfg = Debug|Any CPU
		{2C14FE31-E8F5-457F-9DD6-C8C58D74B8F8}.Debug|Any CPU.Build.0 = Debug|Any CPU
		{2C14FE31-E8F5-457F-9DD6-C8C58D74B8F8}.Release|Any CPU.ActiveCfg = Release|Any CPU
		{2C14FE31-E8F5-457F-9DD6-C8C58D74B8F8}.Release|Any CPU.Build.0 = Release|Any CPU
		{2C14FE31-E8F5-457F-9DD6-C8C58D74B8F8}.Debug|iPhoneSimulator.ActiveCfg = Debug|Any CPU
		{2C14FE31-E8F5-457F-9DD6-C8C58D74B8F8}.Debug|iPhoneSimulator.Build.0 = Debug|Any CPU
		{2C14FE31-E8F5-457F-9DD6-C8C58D74B8F8}.Release|iPhone.ActiveCfg = Release|Any CPU
		{2C14FE31-E8F5-457F-9DD6-C8C58D74B8F8}.Release|iPhone.Build.0 = Release|Any CPU
		{2C14FE31-E8F5-457F-9DD6-C8C58D74B8F8}.Release|iPhoneSimulator.ActiveCfg = Release|Any CPU
		{2C14FE31-E8F5-457F-9DD6-C8C58D74B8F8}.Release|iPhoneSimulator.Build.0 = Release|Any CPU
		{2C14FE31-E8F5-457F-9DD6-C8C58D74B8F8}.Debug|iPhone.ActiveCfg = Debug|Any CPU
		{2C14FE31-E8F5-457F-9DD6-C8C58D74B8F8}.Debug|iPhone.Build.0 = Debug|Any CPU
		{2C14FE31-E8F5-457F-9DD6-C8C58D74B8F8}.Ad-Hoc|iPhone.ActiveCfg = Debug|Any CPU
		{2C14FE31-E8F5-457F-9DD6-C8C58D74B8F8}.Ad-Hoc|iPhone.Build.0 = Debug|Any CPU
		{2C14FE31-E8F5-457F-9DD6-C8C58D74B8F8}.AppStore|iPhone.ActiveCfg = Debug|Any CPU
		{2C14FE31-E8F5-457F-9DD6-C8C58D74B8F8}.AppStore|iPhone.Build.0 = Debug|Any CPU
		{4284B520-2352-48F8-A87D-BC071FD8085B}.Debug|Any CPU.ActiveCfg = Debug|Any CPU
		{4284B520-2352-48F8-A87D-BC071FD8085B}.Debug|Any CPU.Build.0 = Debug|Any CPU
		{4284B520-2352-48F8-A87D-BC071FD8085B}.Release|Any CPU.ActiveCfg = Release|Any CPU
		{4284B520-2352-48F8-A87D-BC071FD8085B}.Release|Any CPU.Build.0 = Release|Any CPU
		{4284B520-2352-48F8-A87D-BC071FD8085B}.Debug|iPhoneSimulator.ActiveCfg = Debug|Any CPU
		{4284B520-2352-48F8-A87D-BC071FD8085B}.Debug|iPhoneSimulator.Build.0 = Debug|Any CPU
		{4284B520-2352-48F8-A87D-BC071FD8085B}.Release|iPhone.ActiveCfg = Release|Any CPU
		{4284B520-2352-48F8-A87D-BC071FD8085B}.Release|iPhone.Build.0 = Release|Any CPU
		{4284B520-2352-48F8-A87D-BC071FD8085B}.Release|iPhoneSimulator.ActiveCfg = Release|Any CPU
		{4284B520-2352-48F8-A87D-BC071FD8085B}.Release|iPhoneSimulator.Build.0 = Release|Any CPU
		{4284B520-2352-48F8-A87D-BC071FD8085B}.Debug|iPhone.ActiveCfg = Debug|Any CPU
		{4284B520-2352-48F8-A87D-BC071FD8085B}.Debug|iPhone.Build.0 = Debug|Any CPU
		{4284B520-2352-48F8-A87D-BC071FD8085B}.Ad-Hoc|iPhone.ActiveCfg = Debug|Any CPU
		{4284B520-2352-48F8-A87D-BC071FD8085B}.Ad-Hoc|iPhone.Build.0 = Debug|Any CPU
		{4284B520-2352-48F8-A87D-BC071FD8085B}.AppStore|iPhone.ActiveCfg = Debug|Any CPU
		{4284B520-2352-48F8-A87D-BC071FD8085B}.AppStore|iPhone.Build.0 = Debug|Any CPU
		{865EAD94-07CE-4F4C-8054-12F618A9129E}.Debug|Any CPU.ActiveCfg = Debug|Any CPU
		{865EAD94-07CE-4F4C-8054-12F618A9129E}.Debug|Any CPU.Build.0 = Debug|Any CPU
		{865EAD94-07CE-4F4C-8054-12F618A9129E}.Release|Any CPU.ActiveCfg = Release|Any CPU
		{865EAD94-07CE-4F4C-8054-12F618A9129E}.Release|Any CPU.Build.0 = Release|Any CPU
		{865EAD94-07CE-4F4C-8054-12F618A9129E}.Debug|iPhoneSimulator.ActiveCfg = Debug|Any CPU
		{865EAD94-07CE-4F4C-8054-12F618A9129E}.Debug|iPhoneSimulator.Build.0 = Debug|Any CPU
		{865EAD94-07CE-4F4C-8054-12F618A9129E}.Release|iPhone.ActiveCfg = Release|Any CPU
		{865EAD94-07CE-4F4C-8054-12F618A9129E}.Release|iPhone.Build.0 = Release|Any CPU
		{865EAD94-07CE-4F4C-8054-12F618A9129E}.Release|iPhoneSimulator.ActiveCfg = Release|Any CPU
		{865EAD94-07CE-4F4C-8054-12F618A9129E}.Release|iPhoneSimulator.Build.0 = Release|Any CPU
		{865EAD94-07CE-4F4C-8054-12F618A9129E}.Debug|iPhone.ActiveCfg = Debug|Any CPU
		{865EAD94-07CE-4F4C-8054-12F618A9129E}.Debug|iPhone.Build.0 = Debug|Any CPU
		{865EAD94-07CE-4F4C-8054-12F618A9129E}.Ad-Hoc|iPhone.ActiveCfg = Debug|Any CPU
		{865EAD94-07CE-4F4C-8054-12F618A9129E}.Ad-Hoc|iPhone.Build.0 = Debug|Any CPU
		{865EAD94-07CE-4F4C-8054-12F618A9129E}.AppStore|iPhone.ActiveCfg = Debug|Any CPU
		{865EAD94-07CE-4F4C-8054-12F618A9129E}.AppStore|iPhone.Build.0 = Debug|Any CPU
		{DCCBC2E3-138B-4C68-8C45-0E29318A11A7}.Debug|Any CPU.ActiveCfg = Debug|Any CPU
		{DCCBC2E3-138B-4C68-8C45-0E29318A11A7}.Debug|Any CPU.Build.0 = Debug|Any CPU
		{DCCBC2E3-138B-4C68-8C45-0E29318A11A7}.Release|Any CPU.ActiveCfg = Release|Any CPU
		{DCCBC2E3-138B-4C68-8C45-0E29318A11A7}.Release|Any CPU.Build.0 = Release|Any CPU
		{DCCBC2E3-138B-4C68-8C45-0E29318A11A7}.Debug|iPhoneSimulator.ActiveCfg = Debug|Any CPU
		{DCCBC2E3-138B-4C68-8C45-0E29318A11A7}.Debug|iPhoneSimulator.Build.0 = Debug|Any CPU
		{DCCBC2E3-138B-4C68-8C45-0E29318A11A7}.Release|iPhone.ActiveCfg = Release|Any CPU
		{DCCBC2E3-138B-4C68-8C45-0E29318A11A7}.Release|iPhone.Build.0 = Release|Any CPU
		{DCCBC2E3-138B-4C68-8C45-0E29318A11A7}.Release|iPhoneSimulator.ActiveCfg = Release|Any CPU
		{DCCBC2E3-138B-4C68-8C45-0E29318A11A7}.Release|iPhoneSimulator.Build.0 = Release|Any CPU
		{DCCBC2E3-138B-4C68-8C45-0E29318A11A7}.Debug|iPhone.ActiveCfg = Debug|Any CPU
		{DCCBC2E3-138B-4C68-8C45-0E29318A11A7}.Debug|iPhone.Build.0 = Debug|Any CPU
		{DCCBC2E3-138B-4C68-8C45-0E29318A11A7}.Ad-Hoc|iPhone.ActiveCfg = Debug|Any CPU
		{DCCBC2E3-138B-4C68-8C45-0E29318A11A7}.Ad-Hoc|iPhone.Build.0 = Debug|Any CPU
		{DCCBC2E3-138B-4C68-8C45-0E29318A11A7}.AppStore|iPhone.ActiveCfg = Debug|Any CPU
		{DCCBC2E3-138B-4C68-8C45-0E29318A11A7}.AppStore|iPhone.Build.0 = Debug|Any CPU
		{454DF95C-2D14-4EA3-82AE-7599494C809F}.Debug|Any CPU.ActiveCfg = Debug|Any CPU
		{454DF95C-2D14-4EA3-82AE-7599494C809F}.Debug|Any CPU.Build.0 = Debug|Any CPU
		{454DF95C-2D14-4EA3-82AE-7599494C809F}.Release|Any CPU.ActiveCfg = Release|Any CPU
		{454DF95C-2D14-4EA3-82AE-7599494C809F}.Release|Any CPU.Build.0 = Release|Any CPU
		{454DF95C-2D14-4EA3-82AE-7599494C809F}.Debug|iPhoneSimulator.ActiveCfg = Debug|Any CPU
		{454DF95C-2D14-4EA3-82AE-7599494C809F}.Debug|iPhoneSimulator.Build.0 = Debug|Any CPU
		{454DF95C-2D14-4EA3-82AE-7599494C809F}.Release|iPhone.ActiveCfg = Release|Any CPU
		{454DF95C-2D14-4EA3-82AE-7599494C809F}.Release|iPhone.Build.0 = Release|Any CPU
		{454DF95C-2D14-4EA3-82AE-7599494C809F}.Release|iPhoneSimulator.ActiveCfg = Release|Any CPU
		{454DF95C-2D14-4EA3-82AE-7599494C809F}.Release|iPhoneSimulator.Build.0 = Release|Any CPU
		{454DF95C-2D14-4EA3-82AE-7599494C809F}.Debug|iPhone.ActiveCfg = Debug|Any CPU
		{454DF95C-2D14-4EA3-82AE-7599494C809F}.Debug|iPhone.Build.0 = Debug|Any CPU
		{454DF95C-2D14-4EA3-82AE-7599494C809F}.Ad-Hoc|iPhone.ActiveCfg = Debug|Any CPU
		{454DF95C-2D14-4EA3-82AE-7599494C809F}.Ad-Hoc|iPhone.Build.0 = Debug|Any CPU
		{454DF95C-2D14-4EA3-82AE-7599494C809F}.AppStore|iPhone.ActiveCfg = Debug|Any CPU
		{454DF95C-2D14-4EA3-82AE-7599494C809F}.AppStore|iPhone.Build.0 = Debug|Any CPU
		{208DEE5F-C2F8-4D4B-BC97-6E5F200EBE80}.Debug|Any CPU.ActiveCfg = Debug|Any CPU
		{208DEE5F-C2F8-4D4B-BC97-6E5F200EBE80}.Debug|Any CPU.Build.0 = Debug|Any CPU
		{208DEE5F-C2F8-4D4B-BC97-6E5F200EBE80}.Release|Any CPU.ActiveCfg = Release|Any CPU
		{208DEE5F-C2F8-4D4B-BC97-6E5F200EBE80}.Release|Any CPU.Build.0 = Release|Any CPU
		{208DEE5F-C2F8-4D4B-BC97-6E5F200EBE80}.Debug|iPhoneSimulator.ActiveCfg = Debug|Any CPU
		{208DEE5F-C2F8-4D4B-BC97-6E5F200EBE80}.Debug|iPhoneSimulator.Build.0 = Debug|Any CPU
		{208DEE5F-C2F8-4D4B-BC97-6E5F200EBE80}.Release|iPhone.ActiveCfg = Release|Any CPU
		{208DEE5F-C2F8-4D4B-BC97-6E5F200EBE80}.Release|iPhone.Build.0 = Release|Any CPU
		{208DEE5F-C2F8-4D4B-BC97-6E5F200EBE80}.Release|iPhoneSimulator.ActiveCfg = Release|Any CPU
		{208DEE5F-C2F8-4D4B-BC97-6E5F200EBE80}.Release|iPhoneSimulator.Build.0 = Release|Any CPU
		{208DEE5F-C2F8-4D4B-BC97-6E5F200EBE80}.Debug|iPhone.ActiveCfg = Debug|Any CPU
		{208DEE5F-C2F8-4D4B-BC97-6E5F200EBE80}.Debug|iPhone.Build.0 = Debug|Any CPU
		{208DEE5F-C2F8-4D4B-BC97-6E5F200EBE80}.Ad-Hoc|iPhone.ActiveCfg = Debug|Any CPU
		{208DEE5F-C2F8-4D4B-BC97-6E5F200EBE80}.Ad-Hoc|iPhone.Build.0 = Debug|Any CPU
		{208DEE5F-C2F8-4D4B-BC97-6E5F200EBE80}.AppStore|iPhone.ActiveCfg = Debug|Any CPU
		{208DEE5F-C2F8-4D4B-BC97-6E5F200EBE80}.AppStore|iPhone.Build.0 = Debug|Any CPU
		{D3E420D6-E9B1-4CC4-817A-339834AB8D9E}.Debug|Any CPU.ActiveCfg = Debug|Any CPU
		{D3E420D6-E9B1-4CC4-817A-339834AB8D9E}.Debug|Any CPU.Build.0 = Debug|Any CPU
		{D3E420D6-E9B1-4CC4-817A-339834AB8D9E}.Release|Any CPU.ActiveCfg = Release|Any CPU
		{D3E420D6-E9B1-4CC4-817A-339834AB8D9E}.Release|Any CPU.Build.0 = Release|Any CPU
		{D3E420D6-E9B1-4CC4-817A-339834AB8D9E}.Debug|iPhoneSimulator.ActiveCfg = Debug|Any CPU
		{D3E420D6-E9B1-4CC4-817A-339834AB8D9E}.Debug|iPhoneSimulator.Build.0 = Debug|Any CPU
		{D3E420D6-E9B1-4CC4-817A-339834AB8D9E}.Release|iPhone.ActiveCfg = Release|Any CPU
		{D3E420D6-E9B1-4CC4-817A-339834AB8D9E}.Release|iPhone.Build.0 = Release|Any CPU
		{D3E420D6-E9B1-4CC4-817A-339834AB8D9E}.Release|iPhoneSimulator.ActiveCfg = Release|Any CPU
		{D3E420D6-E9B1-4CC4-817A-339834AB8D9E}.Release|iPhoneSimulator.Build.0 = Release|Any CPU
		{D3E420D6-E9B1-4CC4-817A-339834AB8D9E}.Debug|iPhone.ActiveCfg = Debug|Any CPU
		{D3E420D6-E9B1-4CC4-817A-339834AB8D9E}.Debug|iPhone.Build.0 = Debug|Any CPU
		{D3E420D6-E9B1-4CC4-817A-339834AB8D9E}.Ad-Hoc|iPhone.ActiveCfg = Debug|Any CPU
		{D3E420D6-E9B1-4CC4-817A-339834AB8D9E}.Ad-Hoc|iPhone.Build.0 = Debug|Any CPU
		{D3E420D6-E9B1-4CC4-817A-339834AB8D9E}.AppStore|iPhone.ActiveCfg = Debug|Any CPU
		{D3E420D6-E9B1-4CC4-817A-339834AB8D9E}.AppStore|iPhone.Build.0 = Debug|Any CPU
		{4DEFD17F-4887-48D2-B4D2-0E9CC83F6F92}.Debug|Any CPU.ActiveCfg = Debug|Any CPU
		{4DEFD17F-4887-48D2-B4D2-0E9CC83F6F92}.Debug|Any CPU.Build.0 = Debug|Any CPU
		{4DEFD17F-4887-48D2-B4D2-0E9CC83F6F92}.Release|Any CPU.ActiveCfg = Release|Any CPU
		{4DEFD17F-4887-48D2-B4D2-0E9CC83F6F92}.Release|Any CPU.Build.0 = Release|Any CPU
		{4DEFD17F-4887-48D2-B4D2-0E9CC83F6F92}.Debug|iPhoneSimulator.ActiveCfg = Debug|Any CPU
		{4DEFD17F-4887-48D2-B4D2-0E9CC83F6F92}.Debug|iPhoneSimulator.Build.0 = Debug|Any CPU
		{4DEFD17F-4887-48D2-B4D2-0E9CC83F6F92}.Release|iPhone.ActiveCfg = Release|Any CPU
		{4DEFD17F-4887-48D2-B4D2-0E9CC83F6F92}.Release|iPhone.Build.0 = Release|Any CPU
		{4DEFD17F-4887-48D2-B4D2-0E9CC83F6F92}.Release|iPhoneSimulator.ActiveCfg = Release|Any CPU
		{4DEFD17F-4887-48D2-B4D2-0E9CC83F6F92}.Release|iPhoneSimulator.Build.0 = Release|Any CPU
		{4DEFD17F-4887-48D2-B4D2-0E9CC83F6F92}.Debug|iPhone.ActiveCfg = Debug|Any CPU
		{4DEFD17F-4887-48D2-B4D2-0E9CC83F6F92}.Debug|iPhone.Build.0 = Debug|Any CPU
		{4DEFD17F-4887-48D2-B4D2-0E9CC83F6F92}.Ad-Hoc|iPhone.ActiveCfg = Debug|Any CPU
		{4DEFD17F-4887-48D2-B4D2-0E9CC83F6F92}.Ad-Hoc|iPhone.Build.0 = Debug|Any CPU
		{4DEFD17F-4887-48D2-B4D2-0E9CC83F6F92}.AppStore|iPhone.ActiveCfg = Debug|Any CPU
		{4DEFD17F-4887-48D2-B4D2-0E9CC83F6F92}.AppStore|iPhone.Build.0 = Debug|Any CPU
	EndGlobalSection
EndGlobal
