
Microsoft Visual Studio Solution File, Format Version 12.00
# Visual Studio 2012
Project("{FAE04EC0-301F-11D3-BF4B-00C04F79EFBC}") = "Kumulos", "Kumulos\Kumulos.csproj", "{E3A09F59-D753-4AE1-A3AF-0AD0B0DE38D4}"
EndProject
Project("{FAE04EC0-301F-11D3-BF4B-00C04F79EFBC}") = "Kumulos.iOS", "Kumulos.iOS\Kumulos.iOS.csproj", "{E6919709-10E9-42F1-B080-141490BD0D26}"
EndProject
Project("{FAE04EC0-301F-11D3-BF4B-00C04F79EFBC}") = "Kumulos.Droid", "Kumulos.Droid\Kumulos.Droid.csproj", "{6A24F96F-40A9-41FC-A0A8-1A0CD99F7873}"
EndProject
Global
	GlobalSection(SolutionConfigurationPlatforms) = preSolution
		Debug|Any CPU = Debug|Any CPU
		Release|Any CPU = Release|Any CPU
		Debug|iPhoneSimulator = Debug|iPhoneSimulator
		Release|iPhone = Release|iPhone
		Release|iPhoneSimulator = Release|iPhoneSimulator
		Debug|iPhone = Debug|iPhone
	EndGlobalSection
	GlobalSection(ProjectConfigurationPlatforms) = postSolution
		{E3A09F59-D753-4AE1-A3AF-0AD0B0DE38D4}.Debug|Any CPU.ActiveCfg = Debug|Any CPU
		{E3A09F59-D753-4AE1-A3AF-0AD0B0DE38D4}.Debug|Any CPU.Build.0 = Debug|Any CPU
		{E3A09F59-D753-4AE1-A3AF-0AD0B0DE38D4}.Release|Any CPU.ActiveCfg = Release|Any CPU
		{E3A09F59-D753-4AE1-A3AF-0AD0B0DE38D4}.Release|Any CPU.Build.0 = Release|Any CPU
		{E3A09F59-D753-4AE1-A3AF-0AD0B0DE38D4}.Debug|iPhoneSimulator.ActiveCfg = Debug|Any CPU
		{E3A09F59-D753-4AE1-A3AF-0AD0B0DE38D4}.Debug|iPhoneSimulator.Build.0 = Debug|Any CPU
		{E3A09F59-D753-4AE1-A3AF-0AD0B0DE38D4}.Release|iPhone.ActiveCfg = Release|Any CPU
		{E3A09F59-D753-4AE1-A3AF-0AD0B0DE38D4}.Release|iPhone.Build.0 = Release|Any CPU
		{E3A09F59-D753-4AE1-A3AF-0AD0B0DE38D4}.Release|iPhoneSimulator.ActiveCfg = Release|Any CPU
		{E3A09F59-D753-4AE1-A3AF-0AD0B0DE38D4}.Release|iPhoneSimulator.Build.0 = Release|Any CPU
		{E3A09F59-D753-4AE1-A3AF-0AD0B0DE38D4}.Debug|iPhone.ActiveCfg = Debug|Any CPU
		{E3A09F59-D753-4AE1-A3AF-0AD0B0DE38D4}.Debug|iPhone.Build.0 = Debug|Any CPU
		{E6919709-10E9-42F1-B080-141490BD0D26}.Debug|Any CPU.ActiveCfg = Debug|Any CPU
		{E6919709-10E9-42F1-B080-141490BD0D26}.Debug|Any CPU.Build.0 = Debug|Any CPU
		{E6919709-10E9-42F1-B080-141490BD0D26}.Release|Any CPU.ActiveCfg = Release|Any CPU
		{E6919709-10E9-42F1-B080-141490BD0D26}.Release|Any CPU.Build.0 = Release|Any CPU
		{E6919709-10E9-42F1-B080-141490BD0D26}.Debug|iPhoneSimulator.ActiveCfg = Debug|Any CPU
		{E6919709-10E9-42F1-B080-141490BD0D26}.Debug|iPhoneSimulator.Build.0 = Debug|Any CPU
		{E6919709-10E9-42F1-B080-141490BD0D26}.Release|iPhone.ActiveCfg = Release|Any CPU
		{E6919709-10E9-42F1-B080-141490BD0D26}.Release|iPhone.Build.0 = Release|Any CPU
		{E6919709-10E9-42F1-B080-141490BD0D26}.Release|iPhoneSimulator.ActiveCfg = Release|Any CPU
		{E6919709-10E9-42F1-B080-141490BD0D26}.Release|iPhoneSimulator.Build.0 = Release|Any CPU
		{E6919709-10E9-42F1-B080-141490BD0D26}.Debug|iPhone.ActiveCfg = Debug|Any CPU
		{E6919709-10E9-42F1-B080-141490BD0D26}.Debug|iPhone.Build.0 = Debug|Any CPU
		{6A24F96F-40A9-41FC-A0A8-1A0CD99F7873}.Debug|Any CPU.ActiveCfg = Debug|Any CPU
		{6A24F96F-40A9-41FC-A0A8-1A0CD99F7873}.Debug|Any CPU.Build.0 = Debug|Any CPU
		{6A24F96F-40A9-41FC-A0A8-1A0CD99F7873}.Release|Any CPU.ActiveCfg = Release|Any CPU
		{6A24F96F-40A9-41FC-A0A8-1A0CD99F7873}.Release|Any CPU.Build.0 = Release|Any CPU
		{6A24F96F-40A9-41FC-A0A8-1A0CD99F7873}.Debug|iPhoneSimulator.ActiveCfg = Debug|Any CPU
		{6A24F96F-40A9-41FC-A0A8-1A0CD99F7873}.Debug|iPhoneSimulator.Build.0 = Debug|Any CPU
		{6A24F96F-40A9-41FC-A0A8-1A0CD99F7873}.Release|iPhone.ActiveCfg = Release|Any CPU
		{6A24F96F-40A9-41FC-A0A8-1A0CD99F7873}.Release|iPhone.Build.0 = Release|Any CPU
		{6A24F96F-40A9-41FC-A0A8-1A0CD99F7873}.Release|iPhoneSimulator.ActiveCfg = Release|Any CPU
		{6A24F96F-40A9-41FC-A0A8-1A0CD99F7873}.Release|iPhoneSimulator.Build.0 = Release|Any CPU
		{6A24F96F-40A9-41FC-A0A8-1A0CD99F7873}.Debug|iPhone.ActiveCfg = Debug|Any CPU
		{6A24F96F-40A9-41FC-A0A8-1A0CD99F7873}.Debug|iPhone.Build.0 = Debug|Any CPU
	EndGlobalSection
EndGlobal
